
Microsoft Visual Studio Solution File, Format Version 12.00
# Visual Studio Version 17
VisualStudioVersion = 17.10.35013.160
MinimumVisualStudioVersion = 10.0.40219.1
Project("{FAE04EC0-301F-11D3-BF4B-00C04F79EFBC}") = "ConversorDCLGENaSTR", "ConversorDCLGENaSTR\ConversorDCLGENaSTR.csproj", "{060F27E0-D139-4FF6-A465-C2C272D3CD63}"
EndProject
Global
	GlobalSection(SolutionConfigurationPlatforms) = preSolution
		Debug|Any CPU = Debug|Any CPU
		Release|Any CPU = Release|Any CPU
	EndGlobalSection
	GlobalSection(ProjectConfigurationPlatforms) = postSolution
		{060F27E0-D139-4FF6-A465-C2C272D3CD63}.Debug|Any CPU.ActiveCfg = Debug|Any CPU
		{060F27E0-D139-4FF6-A465-C2C272D3CD63}.Debug|Any CPU.Build.0 = Debug|Any CPU
		{060F27E0-D139-4FF6-A465-C2C272D3CD63}.Release|Any CPU.ActiveCfg = Release|Any CPU
		{060F27E0-D139-4FF6-A465-C2C272D3CD63}.Release|Any CPU.Build.0 = Release|Any CPU
	EndGlobalSection
	GlobalSection(SolutionProperties) = preSolution
		HideSolutionNode = FALSE
	EndGlobalSection
	GlobalSection(ExtensibilityGlobals) = postSolution
		SolutionGuid = {7FACCA83-7168-4A6F-A341-68921A2EFBBD}
	EndGlobalSection
EndGlobal
